<Solution>
  <Folder Name="/src/">
    <Project Path="src/Glacier.Plot/Glacier.Plot.csproj" />
  </Folder>
  <Folder Name="/tests/">
    <Project Path="tests/Glacier.Plot.Tests/Glacier.Plot.Tests.csproj" />
  </Folder>
  <Folder Name="/benchmarks/">
    <Project Path="benchmarks/Glacier.Plot.Benchmarks/Glacier.Plot.Benchmarks.csproj" />
  </Folder>
  <Folder Name="/samples/">
    <Project Path="samples/Glacier.Plot.Demo/Glacier.Plot.Demo.csproj" />
  </Folder>
</Solution>
